// !$*UTF8*$!
{
	archiveVersion = 1;
	classes = {
	};
	objectVersion = 110;
	objects = {

/* Begin PBXBuildFile section */
		556DCC893051D1C90055D8E8 /* TinyCord Watch App.app in Embed Watch Content */ = {isa = PBXBuildFile; fileRef = 556DCC883051D1C90055D8E8 /* TinyCord Watch App.app */; settings = {ATTRIBUTES = (RemoveHeadersOnCopy, ); }; };
		55C530833055AC90004D5C9E /* README.md in Resources */ = {isa = PBXBuildFile; fileRef = 55C530823055AC90004D5C9E /* README.md */; };
		55C530843055AC90004D5C9E /* README.md in Resources */ = {isa = PBXBuildFile; fileRef = 55C530823055AC90004D5C9E /* README.md */; };
		55C530863055AC9A004D5C9E /* LICENSE in Resources */ = {isa = PBXBuildFile; fileRef = 55C530853055AC9A004D5C9E /* LICENSE */; };
		55C530873055AC9A004D5C9E /* LICENSE in Resources */ = {isa = PBXBuildFile; fileRef = 55C530853055AC9A004D5C9E /* LICENSE */; };
		55CD490530549147009AE114 /* AppIcon.icon in Resources */ = {isa = PBXBuildFile; fileRef = 55CD490430549147009AE114 /* AppIcon.icon */; };
		55CD490630549147009AE114 /* AppIcon.icon in Resources */ = {isa = PBXBuildFile; fileRef = 55CD490430549147009AE114 /* AppIcon.icon */; };
/* End PBXBuildFile section */

/* Begin PBXContainerItemProxy section */
		556DCC8A3051D1C90055D8E8 /* PBXContainerItemProxy */ = {
			isa = PBXContainerItemProxy;
			containerPortal = 556DCC733051D1C80055D8E8 /* Project object */;
			proxyType = 1;
			remoteGlobalIDString = 556DCC873051D1C90055D8E8;
			remoteInfo = "TinyCord Watch App";
		};
/* End PBXContainerItemProxy section */

/* Begin PBXCopyFilesBuildPhase section */
		556DCC983051D1CA0055D8E8 /* Embed Watch Content */ = {
			isa = PBXCopyFilesBuildPhase;
			dstPath = "$(CONTENTS_FOLDER_PATH)/Watch";
			dstSubfolder = Product;
			files = (
				556DCC893051D1C90055D8E8 /* TinyCord Watch App.app in Embed Watch Content */,
			);
			name = "Embed Watch Content";
		};
/* End PBXCopyFilesBuildPhase section */

/* Begin PBXFileReference section */
		556DCC7B3051D1C90055D8E8 /* TinyCord.app */ = {isa = PBXFileReference; explicitFileType = wrapper.application; includeInIndex = 0; path = TinyCord.app; sourceTree = BUILT_PRODUCTS_DIR; };
		556DCC883051D1C90055D8E8 /* TinyCord Watch App.app */ = {isa = PBXFileReference; explicitFileType = wrapper.application; includeInIndex = 0; path = "TinyCord Watch App.app"; sourceTree = BUILT_PRODUCTS_DIR; };
		55C530823055AC90004D5C9E /* README.md */ = {isa = PBXFileReference; lastKnownFileType = net.daringfireball.markdown; path = README.md; sourceTree = "<group>"; };
		55C530853055AC9A004D5C9E /* LICENSE */ = {isa = PBXFileReference; lastKnownFileType = text; path = LICENSE; sourceTree = "<group>"; };
		55CD490430549147009AE114 /* AppIcon.icon */ = {isa = PBXFileReference; lastKnownFileType = folder.iconcomposer.icon; path = AppIcon.icon; sourceTree = "<group>"; };
/* End PBXFileReference section */

/* Begin PBXFileSystemSynchronizedRootGroup section */
		556DCC7D3051D1C90055D8E8 /* TinyCord */ = {
			isa = PBXFileSystemSynchronizedRootGroup;
			path = TinyCord;
			sourceTree = "<group>";
		};
		556DCC8C3051D1C90055D8E8 /* TinyCord Watch App */ = {
			isa = PBXFileSystemSynchronizedRootGroup;
			path = "TinyCord Watch App";
			sourceTree = "<group>";
		};
/* End PBXFileSystemSynchronizedRootGroup section */

/* Begin PBXFrameworksBuildPhase section */
		556DCC783051D1C90055D8E8 /* Frameworks */ = {
			isa = PBXFrameworksBuildPhase;
			files = (
			);
		};
		556DCC853051D1C90055D8E8 /* Frameworks */ = {
			isa = PBXFrameworksBuildPhase;
			files = (
			);
		};
/* End PBXFrameworksBuildPhase section */

/* Begin PBXGroup section */
		556DCC723051D1C80055D8E8 = {
			isa = PBXGroup;
			children = (
				556DCC7D3051D1C90055D8E8 /* TinyCord */,
				556DCC8C3051D1C90055D8E8 /* TinyCord Watch App */,
				55CD490430549147009AE114 /* AppIcon.icon */,
				55C530823055AC90004D5C9E /* README.md */,
				55C530853055AC9A004D5C9E /* LICENSE */,
				556DCC7C3051D1C90055D8E8 /* Products */,
			);
			sourceTree = "<group>";
		};
		556DCC7C3051D1C90055D8E8 /* Products */ = {
			isa = PBXGroup;
			children = (
				556DCC7B3051D1C90055D8E8 /* TinyCord.app */,
				556DCC883051D1C90055D8E8 /* TinyCord Watch App.app */,
			);
			name = Products;
			sourceTree = "<group>";
		};
/* End PBXGroup section */

/* Begin PBXNativeTarget section */
		556DCC7A3051D1C90055D8E8 /* TinyCord */ = {
			isa = PBXNativeTarget;
			buildConfigurationList = 556DCC993051D1CA0055D8E8 /* Build configuration list for PBXNativeTarget "TinyCord" */;
			buildPhases = (
				556DCC773051D1C90055D8E8 /* Sources */,
				556DCC783051D1C90055D8E8 /* Frameworks */,
				556DCC793051D1C90055D8E8 /* Resources */,
				556DCC983051D1CA0055D8E8 /* Embed Watch Content */,
			);
			buildRules = (
			);
			dependencies = (
				556DCC8B3051D1C90055D8E8 /* PBXTargetDependency */,
			);
			fileSystemSynchronizedGroups = (
				556DCC7D3051D1C90055D8E8 /* TinyCord */,
			);
			name = TinyCord;
			productName = TinyCord;
			productReference = 556DCC7B3051D1C90055D8E8 /* TinyCord.app */;
			productType = "com.apple.product-type.application";
		};
		556DCC873051D1C90055D8E8 /* TinyCord Watch App */ = {
			isa = PBXNativeTarget;
			buildConfigurationList = 556DCC953051D1CA0055D8E8 /* Build configuration list for PBXNativeTarget "TinyCord Watch App" */;
			buildPhases = (
				556DCC843051D1C90055D8E8 /* Sources */,
				556DCC853051D1C90055D8E8 /* Frameworks */,
				556DCC863051D1C90055D8E8 /* Resources */,
			);
			buildRules = (
			);
			fileSystemSynchronizedGroups = (
				556DCC8C3051D1C90055D8E8 /* TinyCord Watch App */,
			);
			name = "TinyCord Watch App";
			productName = "TinyCord Watch App";
			productReference = 556DCC883051D1C90055D8E8 /* TinyCord Watch App.app */;
			productType = "com.apple.product-type.application";
		};
/* End PBXNativeTarget section */

/* Begin PBXProject section */
		556DCC733051D1C80055D8E8 /* Project object */ = {
			isa = PBXProject;
			attributes = {
				BuildIndependentTargetsInParallel = 1;
				LastSwiftUpdateCheck = 2700;
				LastUpgradeCheck = 2700;
				TargetAttributes = {
					556DCC7A3051D1C90055D8E8 = {
						CreatedOnToolsVersion = 27.0;
					};
					556DCC873051D1C90055D8E8 = {
						CreatedOnToolsVersion = 27.0;
					};
				};
			};
			buildConfigurationList = 556DCC763051D1C80055D8E8 /* Build configuration list for PBXProject "TinyCord" */;
			developmentRegion = en;
			hasScannedForEncodings = 0;
			knownRegions = (
				en,
				Base,
			);
			mainGroup = 556DCC723051D1C80055D8E8;
			minimizedProjectReferenceProxies = 1;
			preferredProjectObjectVersion = 77;
			productRefGroup = 556DCC7C3051D1C90055D8E8 /* Products */;
			projectDirPath = "";
			projectRoot = "";
			targets = (
				556DCC7A3051D1C90055D8E8 /* TinyCord */,
				556DCC873051D1C90055D8E8 /* TinyCord Watch App */,
			);
		};
/* End PBXProject section */

/* Begin PBXResourcesBuildPhase section */
		556DCC793051D1C90055D8E8 /* Resources */ = {
			isa = PBXResourcesBuildPhase;
			files = (
				55C530843055AC90004D5C9E /* README.md in Resources */,
				55C530873055AC9A004D5C9E /* LICENSE in Resources */,
				55CD490530549147009AE114 /* AppIcon.icon in Resources */,
			);
		};
		556DCC863051D1C90055D8E8 /* Resources */ = {
			isa = PBXResourcesBuildPhase;
			files = (
				55C530833055AC90004D5C9E /* README.md in Resources */,
				55C530863055AC9A004D5C9E /* LICENSE in Resources */,
				55CD490630549147009AE114 /* AppIcon.icon in Resources */,
			);
		};
/* End PBXResourcesBuildPhase section */

/* Begin PBXSourcesBuildPhase section */
		556DCC773051D1C90055D8E8 /* Sources */ = {
			isa = PBXSourcesBuildPhase;
			files = (
			);
		};
		556DCC843051D1C90055D8E8 /* Sources */ = {
			isa = PBXSourcesBuildPhase;
			files = (
			);
		};
/* End PBXSourcesBuildPhase section */

/* Begin PBXTargetDependency section */
		556DCC8B3051D1C90055D8E8 /* PBXTargetDependency */ = {
			isa = PBXTargetDependency;
			target = 556DCC873051D1C90055D8E8 /* TinyCord Watch App */;
			targetProxy = 556DCC8A3051D1C90055D8E8 /* PBXContainerItemProxy */;
		};
/* End PBXTargetDependency section */

/* Begin XCBuildConfiguration section */
		556DCC933051D1CA0055D8E8 /* Debug configuration for PBXProject "TinyCord" */ = {
			isa = XCBuildConfiguration;
			buildSettings = {
				ALWAYS_SEARCH_USER_PATHS = NO;
				ASSETCATALOG_COMPILER_GENERATE_SWIFT_ASSET_SYMBOL_EXTENSIONS = YES;
				CLANG_ANALYZER_NONNULL = YES;
				CLANG_ANALYZER_NUMBER_OBJECT_CONVERSION = YES_AGGRESSIVE;
				CLANG_CXX_LANGUAGE_STANDARD = "gnu++20";
				CLANG_ENABLE_MODULES = YES;
				CLANG_ENABLE_OBJC_ARC = YES;
				CLANG_ENABLE_OBJC_WEAK = YES;
				CLANG_WARN_BLOCK_CAPTURE_AUTORELEASING = YES;
				CLANG_WARN_BOOL_CONVERSION = YES;
				CLANG_WARN_COMMA = YES;
				CLANG_WARN_CONSTANT_CONVERSION = YES;
				CLANG_WARN_DEPRECATED_OBJC_IMPLEMENTATIONS = YES;
				CLANG_WARN_DIRECT_OBJC_ISA_USAGE = YES_ERROR;
				CLANG_WARN_DOCUMENTATION_COMMENTS = YES;
				CLANG_WARN_EMPTY_BODY = YES;
				CLANG_WARN_ENUM_CONVERSION = YES;
				CLANG_WARN_INFINITE_RECURSION = YES;
				CLANG_WARN_INT_CONVERSION = YES;
				CLANG_WARN_NON_LITERAL_NULL_CONVERSION = YES;
				CLANG_WARN_OBJC_IMPLICIT_RETAIN_SELF = YES;
				CLANG_WARN_OBJC_LITERAL_CONVERSION = YES;
				CLANG_WARN_OBJC_ROOT_CLASS = YES_ERROR;
				CLANG_WARN_QUOTED_INCLUDE_IN_FRAMEWORK_HEADER = YES;
				CLANG_WARN_RANGE_LOOP_ANALYSIS = YES;
				CLANG_WARN_STRICT_PROTOTYPES = YES;
				CLANG_WARN_SUSPICIOUS_MOVE = YES;
				CLANG_WARN_UNGUARDED_AVAILABILITY = YES_AGGRESSIVE;
				CLANG_WARN_UNREACHABLE_CODE = YES;
				CLANG_WARN__DUPLICATE_METHOD_MATCH = YES;
				COPY_PHASE_STRIP = NO;
				DEBUG_INFORMATION_FORMAT = dwarf;
				DEVELOPMENT_TEAM = 27F2855R2Z;
				ENABLE_STRICT_OBJC_MSGSEND = YES;
				ENABLE_TESTABILITY = YES;
				ENABLE_USER_SCRIPT_SANDBOXING = YES;
				GCC_C_LANGUAGE_STANDARD = gnu17;
				GCC_DYNAMIC_NO_PIC = NO;
				GCC_NO_COMMON_BLOCKS = YES;
				GCC_OPTIMIZATION_LEVEL = 0;
				GCC_PREPROCESSOR_DEFINITIONS = (
					"DEBUG=1",
					"$(inherited)",
				);
				GCC_WARN_64_TO_32_BIT_CONVERSION = YES;
				GCC_WARN_ABOUT_RETURN_TYPE = YES_ERROR;
				GCC_WARN_UNDECLARED_SELECTOR = YES;
				GCC_WARN_UNINITIALIZED_AUTOS = YES_AGGRESSIVE;
				GCC_WARN_UNUSED_FUNCTION = YES;
				GCC_WARN_UNUSED_VARIABLE = YES;
				LOCALIZATION_PREFERS_STRING_CATALOGS = YES;
				MTL_ENABLE_DEBUG_INFO = INCLUDE_SOURCE;
				MTL_FAST_MATH = YES;
				ONLY_ACTIVE_ARCH = YES;
				SWIFT_ACTIVE_COMPILATION_CONDITIONS = "DEBUG $(inherited)";
				SWIFT_OPTIMIZATION_LEVEL = "-Onone";
			};
			name = Debug;
		};
		556DCC943051D1CA0055D8E8 /* Release configuration for PBXProject "TinyCord" */ = {
			isa = XCBuildConfiguration;
			buildSettings = {
				ALWAYS_SEARCH_USER_PATHS = NO;
				ASSETCATALOG_COMPILER_GENERATE_SWIFT_ASSET_SYMBOL_EXTENSIONS = YES;
				CLANG_ANALYZER_NONNULL = YES;
				CLANG_ANALYZER_NUMBER_OBJECT_CONVERSION = YES_AGGRESSIVE;
				CLANG_CXX_LANGUAGE_STANDARD = "gnu++20";
				CLANG_ENABLE_MODULES = YES;
				CLANG_ENABLE_OBJC_ARC = YES;
				CLANG_ENABLE_OBJC_WEAK = YES;
				CLANG_WARN_BLOCK_CAPTURE_AUTORELEASING = YES;
				CLANG_WARN_BOOL_CONVERSION = YES;
				CLANG_WARN_COMMA = YES;
				CLANG_WARN_CONSTANT_CONVERSION = YES;
				CLANG_WARN_DEPRECATED_OBJC_IMPLEMENTATIONS = YES;
				CLANG_WARN_DIRECT_OBJC_ISA_USAGE = YES_ERROR;
				CLANG_WARN_DOCUMENTATION_COMMENTS = YES;
				CLANG_WARN_EMPTY_BODY = YES;
				CLANG_WARN_ENUM_CONVERSION = YES;
				CLANG_WARN_INFINITE_RECURSION = YES;
				CLANG_WARN_INT_CONVERSION = YES;
				CLANG_WARN_NON_LITERAL_NULL_CONVERSION = YES;
				CLANG_WARN_OBJC_IMPLICIT_RETAIN_SELF = YES;
				CLANG_WARN_OBJC_LITERAL_CONVERSION = YES;
				CLANG_WARN_OBJC_ROOT_CLASS = YES_ERROR;
				CLANG_WARN_QUOTED_INCLUDE_IN_FRAMEWORK_HEADER = YES;
				CLANG_WARN_RANGE_LOOP_ANALYSIS = YES;
				CLANG_WARN_STRICT_PROTOTYPES = YES;
				CLANG_WARN_SUSPICIOUS_MOVE = YES;
				CLANG_WARN_UNGUARDED_AVAILABILITY = YES_AGGRESSIVE;
				CLANG_WARN_UNREACHABLE_CODE = YES;
				CLANG_WARN__DUPLICATE_METHOD_MATCH = YES;
				COPY_PHASE_STRIP = NO;
				DEBUG_INFORMATION_FORMAT = "dwarf-with-dsym";
				DEVELOPMENT_TEAM = 27F2855R2Z;
				ENABLE_NS_ASSERTIONS = NO;
				ENABLE_STRICT_OBJC_MSGSEND = YES;
				ENABLE_USER_SCRIPT_SANDBOXING = YES;
				GCC_C_LANGUAGE_STANDARD = gnu17;
				GCC_NO_COMMON_BLOCKS = YES;
				GCC_WARN_64_TO_32_BIT_CONVERSION = YES;
				GCC_WARN_ABOUT_RETURN_TYPE = YES_ERROR;
				GCC_WARN_UNDECLARED_SELECTOR = YES;
				GCC_WARN_UNINITIALIZED_AUTOS = YES_AGGRESSIVE;
				GCC_WARN_UNUSED_FUNCTION = YES;
				GCC_WARN_UNUSED_VARIABLE = YES;
				LOCALIZATION_PREFERS_STRING_CATALOGS = YES;
				MTL_ENABLE_DEBUG_INFO = NO;
				MTL_FAST_MATH = YES;
				SWIFT_COMPILATION_MODE = wholemodule;
			};
			name = Release;
		};
		556DCC963051D1CA0055D8E8 /* Debug configuration for PBXNativeTarget "TinyCord Watch App" */ = {
			isa = XCBuildConfiguration;
			buildSettings = {
				ASSETCATALOG_COMPILER_APPICON_NAME = AppIcon;
				ASSETCATALOG_COMPILER_GLOBAL_ACCENT_COLOR_NAME = AccentColor;
				CODE_SIGN_STYLE = Automatic;
				CURRENT_PROJECT_VERSION = 1;
				DEVELOPMENT_TEAM = 27F2855R2Z;
				ENABLE_PREVIEWS = YES;
				GENERATE_INFOPLIST_FILE = YES;
				INFOPLIST_KEY_CFBundleDisplayName = TinyCord;
				INFOPLIST_KEY_ITSAppUsesNonExemptEncryption = NO;
				INFOPLIST_KEY_NSMicrophoneUsageDescription = "TinyCord needs microphone access to record and send voice messages.";
				INFOPLIST_KEY_NSPhotoLibraryUsageDescription = "TinyCord needs photo library access to send images.";
				INFOPLIST_KEY_UISupportedInterfaceOrientations = "UIInterfaceOrientationPortrait UIInterfaceOrientationPortraitUpsideDown";
				INFOPLIST_KEY_WKCompanionAppBundleIdentifier = cc.maao.TinyCord;
				INFOPLIST_KEY_WKRunsIndependentlyOfCompanionApp = YES;
				LD_RUNPATH_SEARCH_PATHS = (
					"$(inherited)",
					"@executable_path/Frameworks",
				);
				MARKETING_VERSION = 1.0;
				PRODUCT_BUNDLE_IDENTIFIER = cc.maao.TinyCord.watchkitapp;
				PRODUCT_NAME = "$(TARGET_NAME)";
				SDKROOT = watchos;
				SKIP_INSTALL = YES;
				STRING_CATALOG_GENERATE_SYMBOLS = YES;
				SWIFT_APPROACHABLE_CONCURRENCY = YES;
				SWIFT_DEFAULT_ACTOR_ISOLATION = MainActor;
				SWIFT_EMIT_LOC_STRINGS = YES;
				SWIFT_UPCOMING_FEATURE_MEMBER_IMPORT_VISIBILITY = YES;
				SWIFT_VERSION = 5.0;
				TARGETED_DEVICE_FAMILY = 4;
				WATCHOS_DEPLOYMENT_TARGET = "$(RECOMMENDED_WATCHOS_DEPLOYMENT_TARGET)";
			};
			name = Debug;
		};
		556DCC973051D1CA0055D8E8 /* Release configuration for PBXNativeTarget "TinyCord Watch App" */ = {
			isa = XCBuildConfiguration;
			buildSettings = {
				ASSETCATALOG_COMPILER_APPICON_NAME = AppIcon;
				ASSETCATALOG_COMPILER_GLOBAL_ACCENT_COLOR_NAME = AccentColor;
				CODE_SIGN_STYLE = Automatic;
				CURRENT_PROJECT_VERSION = 1;
				DEVELOPMENT_TEAM = 27F2855R2Z;
				ENABLE_PREVIEWS = YES;
				GENERATE_INFOPLIST_FILE = YES;
				INFOPLIST_KEY_CFBundleDisplayName = TinyCord;
				INFOPLIST_KEY_ITSAppUsesNonExemptEncryption = NO;
				INFOPLIST_KEY_NSMicrophoneUsageDescription = "TinyCord needs microphone access to record and send voice messages.";
				INFOPLIST_KEY_NSPhotoLibraryUsageDescription = "TinyCord needs photo library access to send images.";
				INFOPLIST_KEY_UISupportedInterfaceOrientations = "UIInterfaceOrientationPortrait UIInterfaceOrientationPortraitUpsideDown";
				INFOPLIST_KEY_WKCompanionAppBundleIdentifier = cc.maao.TinyCord;
				INFOPLIST_KEY_WKRunsIndependentlyOfCompanionApp = YES;
				LD_RUNPATH_SEARCH_PATHS = (
					"$(inherited)",
					"@executable_path/Frameworks",
				);
				MARKETING_VERSION = 1.0;
				PRODUCT_BUNDLE_IDENTIFIER = cc.maao.TinyCord.watchkitapp;
				PRODUCT_NAME = "$(TARGET_NAME)";
				SDKROOT = watchos;
				SKIP_INSTALL = YES;
				STRING_CATALOG_GENERATE_SYMBOLS = YES;
				SWIFT_APPROACHABLE_CONCURRENCY = YES;
				SWIFT_DEFAULT_ACTOR_ISOLATION = MainActor;
				SWIFT_EMIT_LOC_STRINGS = YES;
				SWIFT_UPCOMING_FEATURE_MEMBER_IMPORT_VISIBILITY = YES;
				SWIFT_VERSION = 5.0;
				TARGETED_DEVICE_FAMILY = 4;
				VALIDATE_PRODUCT = YES;
				WATCHOS_DEPLOYMENT_TARGET = "$(RECOMMENDED_WATCHOS_DEPLOYMENT_TARGET)";
			};
			name = Release;
		};
		556DCC9A3051D1CA0055D8E8 /* Debug configuration for PBXNativeTarget "TinyCord" */ = {
			isa = XCBuildConfiguration;
			buildSettings = {
				ASSETCATALOG_COMPILER_APPICON_NAME = AppIcon;
				ASSETCATALOG_COMPILER_GLOBAL_ACCENT_COLOR_NAME = AccentColor;
				CODE_SIGN_STYLE = Automatic;
				CURRENT_PROJECT_VERSION = 1;
				DEVELOPMENT_TEAM = 27F2855R2Z;
				ENABLE_PREVIEWS = YES;
				GENERATE_INFOPLIST_FILE = YES;
				INFOPLIST_KEY_CFBundleDisplayName = TinyCord;
				INFOPLIST_KEY_ITSAppUsesNonExemptEncryption = NO;
				INFOPLIST_KEY_UIApplicationSceneManifest_Generation = YES;
				INFOPLIST_KEY_UIApplicationSupportsIndirectInputEvents = YES;
				INFOPLIST_KEY_UILaunchScreen_Generation = YES;
				INFOPLIST_KEY_UISupportedInterfaceOrientations_iPad = "UIInterfaceOrientationPortrait UIInterfaceOrientationPortraitUpsideDown UIInterfaceOrientationLandscapeLeft UIInterfaceOrientationLandscapeRight";
				INFOPLIST_KEY_UISupportedInterfaceOrientations_iPhone = "UIInterfaceOrientationPortrait UIInterfaceOrientationLandscapeLeft UIInterfaceOrientationLandscapeRight";
				IPHONEOS_DEPLOYMENT_TARGET = "$(RECOMMENDED_IPHONEOS_DEPLOYMENT_TARGET)";
				LD_RUNPATH_SEARCH_PATHS = (
					"$(inherited)",
					"@executable_path/Frameworks",
				);
				MARKETING_VERSION = 1.0;
				PRODUCT_BUNDLE_IDENTIFIER = cc.maao.TinyCord;
				PRODUCT_NAME = "$(TARGET_NAME)";
				SDKROOT = iphoneos;
				STRING_CATALOG_GENERATE_SYMBOLS = YES;
				SWIFT_APPROACHABLE_CONCURRENCY = YES;
				SWIFT_DEFAULT_ACTOR_ISOLATION = MainActor;
				SWIFT_EMIT_LOC_STRINGS = YES;
				SWIFT_UPCOMING_FEATURE_MEMBER_IMPORT_VISIBILITY = YES;
				SWIFT_VERSION = 5.0;
				TARGETED_DEVICE_FAMILY = "1,2";
			};
			name = Debug;
		};
		556DCC9B3051D1CA0055D8E8 /* Release configuration for PBXNativeTarget "TinyCord" */ = {
			isa = XCBuildConfiguration;
			buildSettings = {
				ASSETCATALOG_COMPILER_APPICON_NAME = AppIcon;
				ASSETCATALOG_COMPILER_GLOBAL_ACCENT_COLOR_NAME = AccentColor;
				CODE_SIGN_STYLE = Automatic;
				CURRENT_PROJECT_VERSION = 1;
				DEVELOPMENT_TEAM = 27F2855R2Z;
				ENABLE_PREVIEWS = YES;
				GENERATE_INFOPLIST_FILE = YES;
				INFOPLIST_KEY_CFBundleDisplayName = TinyCord;
				INFOPLIST_KEY_ITSAppUsesNonExemptEncryption = NO;
				INFOPLIST_KEY_UIApplicationSceneManifest_Generation = YES;
				INFOPLIST_KEY_UIApplicationSupportsIndirectInputEvents = YES;
				INFOPLIST_KEY_UILaunchScreen_Generation = YES;
				INFOPLIST_KEY_UISupportedInterfaceOrientations_iPad = "UIInterfaceOrientationPortrait UIInterfaceOrientationPortraitUpsideDown UIInterfaceOrientationLandscapeLeft UIInterfaceOrientationLandscapeRight";
				INFOPLIST_KEY_UISupportedInterfaceOrientations_iPhone = "UIInterfaceOrientationPortrait UIInterfaceOrientationLandscapeLeft UIInterfaceOrientationLandscapeRight";
				IPHONEOS_DEPLOYMENT_TARGET = "$(RECOMMENDED_IPHONEOS_DEPLOYMENT_TARGET)";
				LD_RUNPATH_SEARCH_PATHS = (
					"$(inherited)",
					"@executable_path/Frameworks",
				);
				MARKETING_VERSION = 1.0;
				PRODUCT_BUNDLE_IDENTIFIER = cc.maao.TinyCord;
				PRODUCT_NAME = "$(TARGET_NAME)";
				SDKROOT = iphoneos;
				STRING_CATALOG_GENERATE_SYMBOLS = YES;
				SWIFT_APPROACHABLE_CONCURRENCY = YES;
				SWIFT_DEFAULT_ACTOR_ISOLATION = MainActor;
				SWIFT_EMIT_LOC_STRINGS = YES;
				SWIFT_UPCOMING_FEATURE_MEMBER_IMPORT_VISIBILITY = YES;
				SWIFT_VERSION = 5.0;
				TARGETED_DEVICE_FAMILY = "1,2";
				VALIDATE_PRODUCT = YES;
			};
			name = Release;
		};
/* End XCBuildConfiguration section */

/* Begin XCConfigurationList section */
		556DCC763051D1C80055D8E8 /* Build configuration list for PBXProject "TinyCord" */ = {
			isa = XCConfigurationList;
			buildConfigurations = (
				556DCC933051D1CA0055D8E8 /* Debug configuration for PBXProject "TinyCord" */,
				556DCC943051D1CA0055D8E8 /* Release configuration for PBXProject "TinyCord" */,
			);
			defaultConfigurationName = Release;
		};
		556DCC953051D1CA0055D8E8 /* Build configuration list for PBXNativeTarget "TinyCord Watch App" */ = {
			isa = XCConfigurationList;
			buildConfigurations = (
				556DCC963051D1CA0055D8E8 /* Debug configuration for PBXNativeTarget "TinyCord Watch App" */,
				556DCC973051D1CA0055D8E8 /* Release configuration for PBXNativeTarget "TinyCord Watch App" */,
			);
			defaultConfigurationName = Release;
		};
		556DCC993051D1CA0055D8E8 /* Build configuration list for PBXNativeTarget "TinyCord" */ = {
			isa = XCConfigurationList;
			buildConfigurations = (
				556DCC9A3051D1CA0055D8E8 /* Debug configuration for PBXNativeTarget "TinyCord" */,
				556DCC9B3051D1CA0055D8E8 /* Release configuration for PBXNativeTarget "TinyCord" */,
			);
			defaultConfigurationName = Release;
		};
/* End XCConfigurationList section */
	};
	rootObject = 556DCC733051D1C80055D8E8 /* Project object */;
	validationLevel = 1;
}
